// !$*UTF8*$!
{
	archiveVersion = 1;
	classes = {
	};
	objectVersion = 46;
	objects = {

/* Begin PBXBuildFile section */
		748897881E6E51B400FFD0C0 /* main.m in Sources */ = {isa = PBXBuildFile; fileRef = 748897871E6E51B400FFD0C0 /* main.m */; };
		7488978B1E6E51B400FFD0C0 /* AppDelegate.m in Sources */ = {isa = PBXBuildFile; fileRef = 7488978A1E6E51B400FFD0C0 /* AppDelegate.m */; };
		748897911E6E51B400FFD0C0 /* Main.storyboard in Resources */ = {isa = PBXBuildFile; fileRef = 7488978F1E6E51B400FFD0C0 /* Main.storyboard */; };
		748897931E6E51B400FFD0C0 /* Assets.xcassets in Resources */ = {isa = PBXBuildFile; fileRef = 748897921E6E51B400FFD0C0 /* Assets.xcassets */; };
		748897961E6E51B400FFD0C0 /* LaunchScreen.storyboard in Resources */ = {isa = PBXBuildFile; fileRef = 748897941E6E51B400FFD0C0 /* LaunchScreen.storyboard */; };
		748897A11E6E51B400FFD0C0 /* ___TabBarControllerTests.m in Sources */ = {isa = PBXBuildFile; fileRef = 748897A01E6E51B400FFD0C0 /* ___TabBarControllerTests.m */; };
		748897AC1E6E51B400FFD0C0 /* ___TabBarControllerUITests.m in Sources */ = {isa = PBXBuildFile; fileRef = 748897AB1E6E51B400FFD0C0 /* ___TabBarControllerUITests.m */; };
		748897BC1E6E53D600FFD0C0 /* ZATabBarController.m in Sources */ = {isa = PBXBuildFile; fileRef = 748897BB1E6E53D600FFD0C0 /* ZATabBarController.m */; };
		748897BF1E6E53F800FFD0C0 /* ZATabBar.m in Sources */ = {isa = PBXBuildFile; fileRef = 748897BE1E6E53F800FFD0C0 /* ZATabBar.m */; };
		748897F71E6E577600FFD0C0 /* UIImage+ZAImage.m in Sources */ = {isa = PBXBuildFile; fileRef = 748897F61E6E577600FFD0C0 /* UIImage+ZAImage.m */; };
		748897FA1E6E580600FFD0C0 /* ZATabBarButton.m in Sources */ = {isa = PBXBuildFile; fileRef = 748897F91E6E580600FFD0C0 /* ZATabBarButton.m */; };
		748897FD1E6E588700FFD0C0 /* MainViewController.m in Sources */ = {isa = PBXBuildFile; fileRef = 748897FC1E6E588700FFD0C0 /* MainViewController.m */; };
		748898001E6E59F600FFD0C0 /* ZABadgeView.m in Sources */ = {isa = PBXBuildFile; fileRef = 748897FF1E6E59F600FFD0C0 /* ZABadgeView.m */; };
		748898031E6E5A1C00FFD0C0 /* UIView+Frame.m in Sources */ = {isa = PBXBuildFile; fileRef = 748898021E6E5A1C00FFD0C0 /* UIView+Frame.m */; };
		748898061E6E5A4B00FFD0C0 /* UIBarButtonItem+ZAItem.m in Sources */ = {isa = PBXBuildFile; fileRef = 748898051E6E5A4B00FFD0C0 /* UIBarButtonItem+ZAItem.m */; };
		748898211E6E5E2100FFD0C0 /* main_badge@2x.png in Resources */ = {isa = PBXBuildFile; fileRef = 748898091E6E5E2000FFD0C0 /* main_badge@2x.png */; };
		748898221E6E5E2100FFD0C0 /* main_badge@3x.png in Resources */ = {isa = PBXBuildFile; fileRef = 7488980A1E6E5E2000FFD0C0 /* main_badge@3x.png */; };
		748898231E6E5E2100FFD0C0 /* new_dot@2x.png in Resources */ = {isa = PBXBuildFile; fileRef = 7488980B1E6E5E2000FFD0C0 /* new_dot@2x.png */; };
		748898241E6E5E2100FFD0C0 /* new_dot@3x.png in Resources */ = {isa = PBXBuildFile; fileRef = 7488980C1E6E5E2000FFD0C0 /* new_dot@3x.png */; };
		748898251E6E5E2100FFD0C0 /* tabbar_background@2x.png in Resources */ = {isa = PBXBuildFile; fileRef = 7488980D1E6E5E2000FFD0C0 /* tabbar_background@2x.png */; };
		748898261E6E5E2100FFD0C0 /* tabbar_background_os7@2x.png in Resources */ = {isa = PBXBuildFile; fileRef = 7488980E1E6E5E2000FFD0C0 /* tabbar_background_os7@2x.png */; };
		7488983A1E6E5EE700FFD0C0 /* ZAViewControllerOne.m in Sources */ = {isa = PBXBuildFile; fileRef = 748898391E6E5EE700FFD0C0 /* ZAViewControllerOne.m */; };
		7488983D1E6E5EFB00FFD0C0 /* ZAViewControllerTwo.m in Sources */ = {isa = PBXBuildFile; fileRef = 7488983C1E6E5EFB00FFD0C0 /* ZAViewControllerTwo.m */; };
		748898401E6E5F1100FFD0C0 /* ZAViewControllerThree.m in Sources */ = {isa = PBXBuildFile; fileRef = 7488983F1E6E5F1100FFD0C0 /* ZAViewControllerThree.m */; };
		748898431E6E5F1D00FFD0C0 /* ZAViewControllerFor.m in Sources */ = {isa = PBXBuildFile; fileRef = 748898421E6E5F1D00FFD0C0 /* ZAViewControllerFor.m */; };
		7488985C1E6E7D8A00FFD0C0 /* fabu_pressed@2x.png in Resources */ = {isa = PBXBuildFile; fileRef = 7488985B1E6E7D8A00FFD0C0 /* fabu_pressed@2x.png */; };
		7488985E1E6E7D9F00FFD0C0 /* tabbar_mainbtn@2x.png in Resources */ = {isa = PBXBuildFile; fileRef = 7488985D1E6E7D9F00FFD0C0 /* tabbar_mainbtn@2x.png */; };
		748898701E6E817E00FFD0C0 /* tabbar_message_center_selected@3x.png in Resources */ = {isa = PBXBuildFile; fileRef = 7488986F1E6E817E00FFD0C0 /* tabbar_message_center_selected@3x.png */; };
		748898721E6E81AC00FFD0C0 /* tabbar_message_center@3x.png in Resources */ = {isa = PBXBuildFile; fileRef = 748898711E6E81AC00FFD0C0 /* tabbar_message_center@3x.png */; };
		748898741E6E82A500FFD0C0 /* tabbar_discover_selected@3x.png in Resources */ = {isa = PBXBuildFile; fileRef = 748898731E6E82A500FFD0C0 /* tabbar_discover_selected@3x.png */; };
		748898761E6E82D300FFD0C0 /* tabbar_discover_selected@2x.png in Resources */ = {isa = PBXBuildFile; fileRef = 748898751E6E82D300FFD0C0 /* tabbar_discover_selected@2x.png */; };
		748898781E6E82F900FFD0C0 /* tabbar_discover@3x.png in Resources */ = {isa = PBXBuildFile; fileRef = 748898771E6E82F900FFD0C0 /* tabbar_discover@3x.png */; };
		7488987A1E6E832600FFD0C0 /* tabbar_discover@2x.png in Resources */ = {isa = PBXBuildFile; fileRef = 748898791E6E832600FFD0C0 /* tabbar_discover@2x.png */; };
		7488987C1E6E841500FFD0C0 /* tabbar_profile_selected@3x.png in Resources */ = {isa = PBXBuildFile; fileRef = 7488987B1E6E841500FFD0C0 /* tabbar_profile_selected@3x.png */; };
		7488987E1E6E843E00FFD0C0 /* tabbar_profile_selected@2x.png in Resources */ = {isa = PBXBuildFile; fileRef = 7488987D1E6E843E00FFD0C0 /* tabbar_profile_selected@2x.png */; };
		748898801E6E844D00FFD0C0 /* tabbar_profile@3x.png in Resources */ = {isa = PBXBuildFile; fileRef = 7488987F1E6E844D00FFD0C0 /* tabbar_profile@3x.png */; };
		748898821E6E846300FFD0C0 /* tabbar_profile@2x.png in Resources */ = {isa = PBXBuildFile; fileRef = 748898811E6E846300FFD0C0 /* tabbar_profile@2x.png */; };
		748898881E6E8A3000FFD0C0 /* loan@2px.png in Resources */ = {isa = PBXBuildFile; fileRef = 748898871E6E8A3000FFD0C0 /* loan@2px.png */; };
/* End PBXBuildFile section */

/* Begin PBXContainerItemProxy section */
		7488979D1E6E51B400FFD0C0 /* PBXContainerItemProxy */ = {
			isa = PBXContainerItemProxy;
			containerPortal = 7488977B1E6E51B400FFD0C0 /* Project object */;
			proxyType = 1;
			remoteGlobalIDString = 748897821E6E51B400FFD0C0;
			remoteInfo = "自定义TabBarController";
		};
		748897A81E6E51B400FFD0C0 /* PBXContainerItemProxy */ = {
			isa = PBXContainerItemProxy;
			containerPortal = 7488977B1E6E51B400FFD0C0 /* Project object */;
			proxyType = 1;
			remoteGlobalIDString = 748897821E6E51B400FFD0C0;
			remoteInfo = "自定义TabBarController";
		};
/* End PBXContainerItemProxy section */

/* Begin PBXFileReference section */
		748897831E6E51B400FFD0C0 /* 自定义TabBarController.app */ = {isa = PBXFileReference; explicitFileType = wrapper.application; includeInIndex = 0; path = "自定义TabBarController.app"; sourceTree = BUILT_PRODUCTS_DIR; };
		748897871E6E51B400FFD0C0 /* main.m */ = {isa = PBXFileReference; lastKnownFileType = sourcecode.c.objc; path = main.m; sourceTree = "<group>"; };
		748897891E6E51B400FFD0C0 /* AppDelegate.h */ = {isa = PBXFileReference; lastKnownFileType = sourcecode.c.h; path = AppDelegate.h; sourceTree = "<group>"; };
		7488978A1E6E51B400FFD0C0 /* AppDelegate.m */ = {isa = PBXFileReference; lastKnownFileType = sourcecode.c.objc; path = AppDelegate.m; sourceTree = "<group>"; };
		748897901E6E51B400FFD0C0 /* Base */ = {isa = PBXFileReference; lastKnownFileType = file.storyboard; name = Base; path = Base.lproj/Main.storyboard; sourceTree = "<group>"; };
		748897921E6E51B400FFD0C0 /* Assets.xcassets */ = {isa = PBXFileReference; lastKnownFileType = folder.assetcatalog; path = Assets.xcassets; sourceTree = "<group>"; };
		748897951E6E51B400FFD0C0 /* Base */ = {isa = PBXFileReference; lastKnownFileType = file.storyboard; name = Base; path = Base.lproj/LaunchScreen.storyboard; sourceTree = "<group>"; };
		748897971E6E51B400FFD0C0 /* Info.plist */ = {isa = PBXFileReference; lastKnownFileType = text.plist.xml; path = Info.plist; sourceTree = "<group>"; };
		7488979C1E6E51B400FFD0C0 /* 自定义TabBarControllerTests.xctest */ = {isa = PBXFileReference; explicitFileType = wrapper.cfbundle; includeInIndex = 0; path = "自定义TabBarControllerTests.xctest"; sourceTree = BUILT_PRODUCTS_DIR; };
		748897A01E6E51B400FFD0C0 /* ___TabBarControllerTests.m */ = {isa = PBXFileReference; lastKnownFileType = sourcecode.c.objc; path = "___TabBarControllerTests.m"; sourceTree = "<group>"; };
		748897A21E6E51B400FFD0C0 /* Info.plist */ = {isa = PBXFileReference; lastKnownFileType = text.plist.xml; path = Info.plist; sourceTree = "<group>"; };
		748897A71E6E51B400FFD0C0 /* 自定义TabBarControllerUITests.xctest */ = {isa = PBXFileReference; explicitFileType = wrapper.cfbundle; includeInIndex = 0; path = "自定义TabBarControllerUITests.xctest"; sourceTree = BUILT_PRODUCTS_DIR; };
		748897AB1E6E51B400FFD0C0 /* ___TabBarControllerUITests.m */ = {isa = PBXFileReference; lastKnownFileType = sourcecode.c.objc; path = "___TabBarControllerUITests.m"; sourceTree = "<group>"; };
		748897AD1E6E51B400FFD0C0 /* Info.plist */ = {isa = PBXFileReference; lastKnownFileType = text.plist.xml; path = Info.plist; sourceTree = "<group>"; };
		748897BA1E6E53D600FFD0C0 /* ZATabBarController.h */ = {isa = PBXFileReference; fileEncoding = 4; lastKnownFileType = sourcecode.c.h; path = ZATabBarController.h; sourceTree = "<group>"; };
		748897BB1E6E53D600FFD0C0 /* ZATabBarController.m */ = {isa = PBXFileReference; fileEncoding = 4; lastKnownFileType = sourcecode.c.objc; path = ZATabBarController.m; sourceTree = "<group>"; };
		748897BD1E6E53F800FFD0C0 /* ZATabBar.h */ = {isa = PBXFileReference; fileEncoding = 4; lastKnownFileType = sourcecode.c.h; path = ZATabBar.h; sourceTree = "<group>"; };
		748897BE1E6E53F800FFD0C0 /* ZATabBar.m */ = {isa = PBXFileReference; fileEncoding = 4; lastKnownFileType = sourcecode.c.objc; path = ZATabBar.m; sourceTree = "<group>"; };
		748897F51E6E577600FFD0C0 /* UIImage+ZAImage.h */ = {isa = PBXFileReference; fileEncoding = 4; lastKnownFileType = sourcecode.c.h; path = "UIImage+ZAImage.h"; sourceTree = "<group>"; };
		748897F61E6E577600FFD0C0 /* UIImage+ZAImage.m */ = {isa = PBXFileReference; fileEncoding = 4; lastKnownFileType = sourcecode.c.objc; path = "UIImage+ZAImage.m"; sourceTree = "<group>"; };
		748897F81E6E580600FFD0C0 /* ZATabBarButton.h */ = {isa = PBXFileReference; fileEncoding = 4; lastKnownFileType = sourcecode.c.h; path = ZATabBarButton.h; sourceTree = "<group>"; };
		748897F91E6E580600FFD0C0 /* ZATabBarButton.m */ = {isa = PBXFileReference; fileEncoding = 4; lastKnownFileType = sourcecode.c.objc; path = ZATabBarButton.m; sourceTree = "<group>"; };
		748897FB1E6E588700FFD0C0 /* MainViewController.h */ = {isa = PBXFileReference; fileEncoding = 4; lastKnownFileType = sourcecode.c.h; path = MainViewController.h; sourceTree = "<group>"; };
		748897FC1E6E588700FFD0C0 /* MainViewController.m */ = {isa = PBXFileReference; fileEncoding = 4; lastKnownFileType = sourcecode.c.objc; path = MainViewController.m; sourceTree = "<group>"; };
		748897FE1E6E59F600FFD0C0 /* ZABadgeView.h */ = {isa = PBXFileReference; fileEncoding = 4; lastKnownFileType = sourcecode.c.h; path = ZABadgeView.h; sourceTree = "<group>"; };
		748897FF1E6E59F600FFD0C0 /* ZABadgeView.m */ = {isa = PBXFileReference; fileEncoding = 4; lastKnownFileType = sourcecode.c.objc; path = ZABadgeView.m; sourceTree = "<group>"; };
		748898011E6E5A1C00FFD0C0 /* UIView+Frame.h */ = {isa = PBXFileReference; fileEncoding = 4; lastKnownFileType = sourcecode.c.h; path = "UIView+Frame.h"; sourceTree = "<group>"; };
		748898021E6E5A1C00FFD0C0 /* UIView+Frame.m */ = {isa = PBXFileReference; fileEncoding = 4; lastKnownFileType = sourcecode.c.objc; path = "UIView+Frame.m"; sourceTree = "<group>"; };
		748898041E6E5A4B00FFD0C0 /* UIBarButtonItem+ZAItem.h */ = {isa = PBXFileReference; fileEncoding = 4; lastKnownFileType = sourcecode.c.h; path = "UIBarButtonItem+ZAItem.h"; sourceTree = "<group>"; };
		748898051E6E5A4B00FFD0C0 /* UIBarButtonItem+ZAItem.m */ = {isa = PBXFileReference; fileEncoding = 4; lastKnownFileType = sourcecode.c.objc; path = "UIBarButtonItem+ZAItem.m"; sourceTree = "<group>"; };
		748898091E6E5E2000FFD0C0 /* main_badge@2x.png */ = {isa = PBXFileReference; lastKnownFileType = image.png; name = "main_badge@2x.png"; path = "TabBar/main_badge@2x.png"; sourceTree = "<group>"; };
		7488980A1E6E5E2000FFD0C0 /* main_badge@3x.png */ = {isa = PBXFileReference; lastKnownFileType = image.png; name = "main_badge@3x.png"; path = "TabBar/main_badge@3x.png"; sourceTree = "<group>"; };
		7488980B1E6E5E2000FFD0C0 /* new_dot@2x.png */ = {isa = PBXFileReference; lastKnownFileType = image.png; name = "new_dot@2x.png"; path = "TabBar/new_dot@2x.png"; sourceTree = "<group>"; };
		7488980C1E6E5E2000FFD0C0 /* new_dot@3x.png */ = {isa = PBXFileReference; lastKnownFileType = image.png; name = "new_dot@3x.png"; path = "TabBar/new_dot@3x.png"; sourceTree = "<group>"; };
		7488980D1E6E5E2000FFD0C0 /* tabbar_background@2x.png */ = {isa = PBXFileReference; lastKnownFileType = image.png; name = "tabbar_background@2x.png"; path = "TabBar/tabbar_background@2x.png"; sourceTree = "<group>"; };
		7488980E1E6E5E2000FFD0C0 /* tabbar_background_os7@2x.png */ = {isa = PBXFileReference; lastKnownFileType = image.png; name = "tabbar_background_os7@2x.png"; path = "TabBar/tabbar_background_os7@2x.png"; sourceTree = "<group>"; };
		748898381E6E5EE700FFD0C0 /* ZAViewControllerOne.h */ = {isa = PBXFileReference; fileEncoding = 4; lastKnownFileType = sourcecode.c.h; path = ZAViewControllerOne.h; sourceTree = "<group>"; };
		748898391E6E5EE700FFD0C0 /* ZAViewControllerOne.m */ = {isa = PBXFileReference; fileEncoding = 4; lastKnownFileType = sourcecode.c.objc; path = ZAViewControllerOne.m; sourceTree = "<group>"; };
		7488983B1E6E5EFB00FFD0C0 /* ZAViewControllerTwo.h */ = {isa = PBXFileReference; fileEncoding = 4; lastKnownFileType = sourcecode.c.h; path = ZAViewControllerTwo.h; sourceTree = "<group>"; };
		7488983C1E6E5EFB00FFD0C0 /* ZAViewControllerTwo.m */ = {isa = PBXFileReference; fileEncoding = 4; lastKnownFileType = sourcecode.c.objc; path = ZAViewControllerTwo.m; sourceTree = "<group>"; };
		7488983E1E6E5F1100FFD0C0 /* ZAViewControllerThree.h */ = {isa = PBXFileReference; fileEncoding = 4; lastKnownFileType = sourcecode.c.h; path = ZAViewControllerThree.h; sourceTree = "<group>"; };
		7488983F1E6E5F1100FFD0C0 /* ZAViewControllerThree.m */ = {isa = PBXFileReference; fileEncoding = 4; lastKnownFileType = sourcecode.c.objc; path = ZAViewControllerThree.m; sourceTree = "<group>"; };
		748898411E6E5F1D00FFD0C0 /* ZAViewControllerFor.h */ = {isa = PBXFileReference; fileEncoding = 4; lastKnownFileType = sourcecode.c.h; path = ZAViewControllerFor.h; sourceTree = "<group>"; };
		748898421E6E5F1D00FFD0C0 /* ZAViewControllerFor.m */ = {isa = PBXFileReference; fileEncoding = 4; lastKnownFileType = sourcecode.c.objc; path = ZAViewControllerFor.m; sourceTree = "<group>"; };
		7488985B1E6E7D8A00FFD0C0 /* fabu_pressed@2x.png */ = {isa = PBXFileReference; lastKnownFileType = image.png; name = "fabu_pressed@2x.png"; path = "TabBar/fabu_pressed@2x.png"; sourceTree = "<group>"; };
		7488985D1E6E7D9F00FFD0C0 /* tabbar_mainbtn@2x.png */ = {isa = PBXFileReference; lastKnownFileType = image.png; name = "tabbar_mainbtn@2x.png"; path = "TabBar/tabbar_mainbtn@2x.png"; sourceTree = "<group>"; };
		7488986F1E6E817E00FFD0C0 /* tabbar_message_center_selected@3x.png */ = {isa = PBXFileReference; lastKnownFileType = image.png; name = "tabbar_message_center_selected@3x.png"; path = "TabBar/tabbar_message_center_selected@3x.png"; sourceTree = "<group>"; };
		748898711E6E81AC00FFD0C0 /* tabbar_message_center@3x.png */ = {isa = PBXFileReference; lastKnownFileType = image.png; name = "tabbar_message_center@3x.png"; path = "TabBar/tabbar_message_center@3x.png"; sourceTree = "<group>"; };
		748898731E6E82A500FFD0C0 /* tabbar_discover_selected@3x.png */ = {isa = PBXFileReference; lastKnownFileType = image.png; name = "tabbar_discover_selected@3x.png"; path = "TabBar/tabbar_discover_selected@3x.png"; sourceTree = "<group>"; };
		748898751E6E82D300FFD0C0 /* tabbar_discover_selected@2x.png */ = {isa = PBXFileReference; lastKnownFileType = image.png; name = "tabbar_discover_selected@2x.png"; path = "TabBar/tabbar_discover_selected@2x.png"; sourceTree = "<group>"; };
		748898771E6E82F900FFD0C0 /* tabbar_discover@3x.png */ = {isa = PBXFileReference; lastKnownFileType = image.png; name = "tabbar_discover@3x.png"; path = "TabBar/tabbar_discover@3x.png"; sourceTree = "<group>"; };
		748898791E6E832600FFD0C0 /* tabbar_discover@2x.png */ = {isa = PBXFileReference; lastKnownFileType = image.png; name = "tabbar_discover@2x.png"; path = "TabBar/tabbar_discover@2x.png"; sourceTree = "<group>"; };
		7488987B1E6E841500FFD0C0 /* tabbar_profile_selected@3x.png */ = {isa = PBXFileReference; lastKnownFileType = image.png; name = "tabbar_profile_selected@3x.png"; path = "TabBar/tabbar_profile_selected@3x.png"; sourceTree = "<group>"; };
		7488987D1E6E843E00FFD0C0 /* tabbar_profile_selected@2x.png */ = {isa = PBXFileReference; lastKnownFileType = image.png; name = "tabbar_profile_selected@2x.png"; path = "TabBar/tabbar_profile_selected@2x.png"; sourceTree = "<group>"; };
		7488987F1E6E844D00FFD0C0 /* tabbar_profile@3x.png */ = {isa = PBXFileReference; lastKnownFileType = image.png; name = "tabbar_profile@3x.png"; path = "TabBar/tabbar_profile@3x.png"; sourceTree = "<group>"; };
		748898811E6E846300FFD0C0 /* tabbar_profile@2x.png */ = {isa = PBXFileReference; lastKnownFileType = image.png; name = "tabbar_profile@2x.png"; path = "TabBar/tabbar_profile@2x.png"; sourceTree = "<group>"; };
		748898871E6E8A3000FFD0C0 /* loan@2px.png */ = {isa = PBXFileReference; lastKnownFileType = image.png; path = "loan@2px.png"; sourceTree = "<group>"; };
/* End PBXFileReference section */

/* Begin PBXFrameworksBuildPhase section */
		748897801E6E51B400FFD0C0 /* Frameworks */ = {
			isa = PBXFrameworksBuildPhase;
			buildActionMask = 2147483647;
			files = (
			);
			runOnlyForDeploymentPostprocessing = 0;
		};
		748897991E6E51B400FFD0C0 /* Frameworks */ = {
			isa = PBXFrameworksBuildPhase;
			buildActionMask = 2147483647;
			files = (
			);
			runOnlyForDeploymentPostprocessing = 0;
		};
		748897A41E6E51B400FFD0C0 /* Frameworks */ = {
			isa = PBXFrameworksBuildPhase;
			buildActionMask = 2147483647;
			files = (
			);
			runOnlyForDeploymentPostprocessing = 0;
		};
/* End PBXFrameworksBuildPhase section */

/* Begin PBXGroup section */
		7488977A1E6E51B400FFD0C0 = {
			isa = PBXGroup;
			children = (
				748897851E6E51B400FFD0C0 /* 自定义TabBarController */,
				7488979F1E6E51B400FFD0C0 /* 自定义TabBarControllerTests */,
				748897AA1E6E51B400FFD0C0 /* 自定义TabBarControllerUITests */,
				748897841E6E51B400FFD0C0 /* Products */,
			);
			sourceTree = "<group>";
		};
		748897841E6E51B400FFD0C0 /* Products */ = {
			isa = PBXGroup;
			children = (
				748897831E6E51B400FFD0C0 /* 自定义TabBarController.app */,
				7488979C1E6E51B400FFD0C0 /* 自定义TabBarControllerTests.xctest */,
				748897A71E6E51B400FFD0C0 /* 自定义TabBarControllerUITests.xctest */,
			);
			name = Products;
			sourceTree = "<group>";
		};
		748897851E6E51B400FFD0C0 /* 自定义TabBarController */ = {
			isa = PBXGroup;
			children = (
				748898441E6E61D100FFD0C0 /* JieDaiBaoImage */,
				748898371E6E5EAD00FFD0C0 /* ViewController */,
				748897F11E6E570700FFD0C0 /* ZATabBarResource */,
				748897B91E6E53B200FFD0C0 /* ZATabBarController */,
				748897891E6E51B400FFD0C0 /* AppDelegate.h */,
				7488978A1E6E51B400FFD0C0 /* AppDelegate.m */,
				748898891E6E8DEA00FFD0C0 /* 加号按钮点击进去的视图 */,
				7488978F1E6E51B400FFD0C0 /* Main.storyboard */,
				748897921E6E51B400FFD0C0 /* Assets.xcassets */,
				748897941E6E51B400FFD0C0 /* LaunchScreen.storyboard */,
				748897971E6E51B400FFD0C0 /* Info.plist */,
				748897861E6E51B400FFD0C0 /* Supporting Files */,
			);
			path = "自定义TabBarController";
			sourceTree = "<group>";
		};
		748897861E6E51B400FFD0C0 /* Supporting Files */ = {
			isa = PBXGroup;
			children = (
				748897871E6E51B400FFD0C0 /* main.m */,
			);
			name = "Supporting Files";
			sourceTree = "<group>";
		};
		7488979F1E6E51B400FFD0C0 /* 自定义TabBarControllerTests */ = {
			isa = PBXGroup;
			children = (
				748897A01E6E51B400FFD0C0 /* ___TabBarControllerTests.m */,
				748897A21E6E51B400FFD0C0 /* Info.plist */,
			);
			path = "自定义TabBarControllerTests";
			sourceTree = "<group>";
		};
		748897AA1E6E51B400FFD0C0 /* 自定义TabBarControllerUITests */ = {
			isa = PBXGroup;
			children = (
				748897AB1E6E51B400FFD0C0 /* ___TabBarControllerUITests.m */,
				748897AD1E6E51B400FFD0C0 /* Info.plist */,
			);
			path = "自定义TabBarControllerUITests";
			sourceTree = "<group>";
		};
		748897B91E6E53B200FFD0C0 /* ZATabBarController */ = {
			isa = PBXGroup;
			children = (
				748897BA1E6E53D600FFD0C0 /* ZATabBarController.h */,
				748897BB1E6E53D600FFD0C0 /* ZATabBarController.m */,
				748897BD1E6E53F800FFD0C0 /* ZATabBar.h */,
				748897BE1E6E53F800FFD0C0 /* ZATabBar.m */,
			);
			name = ZATabBarController;
			sourceTree = "<group>";
		};
		748897F11E6E570700FFD0C0 /* ZATabBarResource */ = {
			isa = PBXGroup;
			children = (
				748897F51E6E577600FFD0C0 /* UIImage+ZAImage.h */,
				748897F61E6E577600FFD0C0 /* UIImage+ZAImage.m */,
				748897F81E6E580600FFD0C0 /* ZATabBarButton.h */,
				748897F91E6E580600FFD0C0 /* ZATabBarButton.m */,
				748897FE1E6E59F600FFD0C0 /* ZABadgeView.h */,
				748897FF1E6E59F600FFD0C0 /* ZABadgeView.m */,
				748898011E6E5A1C00FFD0C0 /* UIView+Frame.h */,
				748898021E6E5A1C00FFD0C0 /* UIView+Frame.m */,
				748898041E6E5A4B00FFD0C0 /* UIBarButtonItem+ZAItem.h */,
				748898051E6E5A4B00FFD0C0 /* UIBarButtonItem+ZAItem.m */,
			);
			name = ZATabBarResource;
			sourceTree = "<group>";
		};
		748898371E6E5EAD00FFD0C0 /* ViewController */ = {
			isa = PBXGroup;
			children = (
				748898381E6E5EE700FFD0C0 /* ZAViewControllerOne.h */,
				748898391E6E5EE700FFD0C0 /* ZAViewControllerOne.m */,
				7488983B1E6E5EFB00FFD0C0 /* ZAViewControllerTwo.h */,
				7488983C1E6E5EFB00FFD0C0 /* ZAViewControllerTwo.m */,
				7488983E1E6E5F1100FFD0C0 /* ZAViewControllerThree.h */,
				7488983F1E6E5F1100FFD0C0 /* ZAViewControllerThree.m */,
				748898411E6E5F1D00FFD0C0 /* ZAViewControllerFor.h */,
				748898421E6E5F1D00FFD0C0 /* ZAViewControllerFor.m */,
			);
			name = ViewController;
			sourceTree = "<group>";
		};
		748898441E6E61D100FFD0C0 /* JieDaiBaoImage */ = {
			isa = PBXGroup;
			children = (
				748898871E6E8A3000FFD0C0 /* loan@2px.png */,
				7488985B1E6E7D8A00FFD0C0 /* fabu_pressed@2x.png */,
				7488985D1E6E7D9F00FFD0C0 /* tabbar_mainbtn@2x.png */,
				748898711E6E81AC00FFD0C0 /* tabbar_message_center@3x.png */,
				7488986F1E6E817E00FFD0C0 /* tabbar_message_center_selected@3x.png */,
				748898791E6E832600FFD0C0 /* tabbar_discover@2x.png */,
				748898771E6E82F900FFD0C0 /* tabbar_discover@3x.png */,
				748898751E6E82D300FFD0C0 /* tabbar_discover_selected@2x.png */,
				748898731E6E82A500FFD0C0 /* tabbar_discover_selected@3x.png */,
				748898811E6E846300FFD0C0 /* tabbar_profile@2x.png */,
				7488987F1E6E844D00FFD0C0 /* tabbar_profile@3x.png */,
				7488987D1E6E843E00FFD0C0 /* tabbar_profile_selected@2x.png */,
				7488987B1E6E841500FFD0C0 /* tabbar_profile_selected@3x.png */,
				7488980D1E6E5E2000FFD0C0 /* tabbar_background@2x.png */,
				7488980E1E6E5E2000FFD0C0 /* tabbar_background_os7@2x.png */,
				748898091E6E5E2000FFD0C0 /* main_badge@2x.png */,
				7488980A1E6E5E2000FFD0C0 /* main_badge@3x.png */,
				7488980B1E6E5E2000FFD0C0 /* new_dot@2x.png */,
				7488980C1E6E5E2000FFD0C0 /* new_dot@3x.png */,
			);
			name = JieDaiBaoImage;
			sourceTree = "<group>";
		};
		748898891E6E8DEA00FFD0C0 /* 加号按钮点击进去的视图 */ = {
			isa = PBXGroup;
			children = (
				748897FB1E6E588700FFD0C0 /* MainViewController.h */,
				748897FC1E6E588700FFD0C0 /* MainViewController.m */,
			);
			name = "加号按钮点击进去的视图";
			sourceTree = "<group>";
		};
/* End PBXGroup section */

/* Begin PBXNativeTarget section */
		748897821E6E51B400FFD0C0 /* 自定义TabBarController */ = {
			isa = PBXNativeTarget;
			buildConfigurationList = 748897B01E6E51B400FFD0C0 /* Build configuration list for PBXNativeTarget "自定义TabBarController" */;
			buildPhases = (
				7488977F1E6E51B400FFD0C0 /* Sources */,
				748897801E6E51B400FFD0C0 /* Frameworks */,
				748897811E6E51B400FFD0C0 /* Resources */,
			);
			buildRules = (
			);
			dependencies = (
			);
			name = "自定义TabBarController";
			productName = "自定义TabBarController";
			productReference = 748897831E6E51B400FFD0C0 /* 自定义TabBarController.app */;
			productType = "com.apple.product-type.application";
		};
		7488979B1E6E51B400FFD0C0 /* 自定义TabBarControllerTests */ = {
			isa = PBXNativeTarget;
			buildConfigurationList = 748897B31E6E51B400FFD0C0 /* Build configuration list for PBXNativeTarget "自定义TabBarControllerTests" */;
			buildPhases = (
				748897981E6E51B400FFD0C0 /* Sources */,
				748897991E6E51B400FFD0C0 /* Frameworks */,
				7488979A1E6E51B400FFD0C0 /* Resources */,
			);
			buildRules = (
			);
			dependencies = (
				7488979E1E6E51B400FFD0C0 /* PBXTargetDependency */,
			);
			name = "自定义TabBarControllerTests";
			productName = "自定义TabBarControllerTests";
			productReference = 7488979C1E6E51B400FFD0C0 /* 自定义TabBarControllerTests.xctest */;
			productType = "com.apple.product-type.bundle.unit-test";
		};
		748897A61E6E51B400FFD0C0 /* 自定义TabBarControllerUITests */ = {
			isa = PBXNativeTarget;
			buildConfigurationList = 748897B61E6E51B400FFD0C0 /* Build configuration list for PBXNativeTarget "自定义TabBarControllerUITests" */;
			buildPhases = (
				748897A31E6E51B400FFD0C0 /* Sources */,
				748897A41E6E51B400FFD0C0 /* Frameworks */,
				748897A51E6E51B400FFD0C0 /* Resources */,
			);
			buildRules = (
			);
			dependencies = (
				748897A91E6E51B400FFD0C0 /* PBXTargetDependency */,
			);
			name = "自定义TabBarControllerUITests";
			productName = "自定义TabBarControllerUITests";
			productReference = 748897A71E6E51B400FFD0C0 /* 自定义TabBarControllerUITests.xctest */;
			productType = "com.apple.product-type.bundle.ui-testing";
		};
/* End PBXNativeTarget section */

/* Begin PBXProject section */
		7488977B1E6E51B400FFD0C0 /* Project object */ = {
			isa = PBXProject;
			attributes = {
				LastUpgradeCheck = 0730;
				ORGANIZATIONNAME = "纵昂";
				TargetAttributes = {
					748897821E6E51B400FFD0C0 = {
						CreatedOnToolsVersion = 7.3.1;
					};
					7488979B1E6E51B400FFD0C0 = {
						CreatedOnToolsVersion = 7.3.1;
						TestTargetID = 748897821E6E51B400FFD0C0;
					};
					748897A61E6E51B400FFD0C0 = {
						CreatedOnToolsVersion = 7.3.1;
						TestTargetID = 748897821E6E51B400FFD0C0;
					};
				};
			};
			buildConfigurationList = 7488977E1E6E51B400FFD0C0 /* Build configuration list for PBXProject "自定义TabBarController" */;
			compatibilityVersion = "Xcode 3.2";
			developmentRegion = English;
			hasScannedForEncodings = 0;
			knownRegions = (
				en,
				Base,
			);
			mainGroup = 7488977A1E6E51B400FFD0C0;
			productRefGroup = 748897841E6E51B400FFD0C0 /* Products */;
			projectDirPath = "";
			projectRoot = "";
			targets = (
				748897821E6E51B400FFD0C0 /* 自定义TabBarController */,
				7488979B1E6E51B400FFD0C0 /* 自定义TabBarControllerTests */,
				748897A61E6E51B400FFD0C0 /* 自定义TabBarControllerUITests */,
			);
		};
/* End PBXProject section */

/* Begin PBXResourcesBuildPhase section */
		748897811E6E51B400FFD0C0 /* Resources */ = {
			isa = PBXResourcesBuildPhase;
			buildActionMask = 2147483647;
			files = (
				748897961E6E51B400FFD0C0 /* LaunchScreen.storyboard in Resources */,
				748898211E6E5E2100FFD0C0 /* main_badge@2x.png in Resources */,
				748897931E6E51B400FFD0C0 /* Assets.xcassets in Resources */,
				748898231E6E5E2100FFD0C0 /* new_dot@2x.png in Resources */,
				7488987A1E6E832600FFD0C0 /* tabbar_discover@2x.png in Resources */,
				748898761E6E82D300FFD0C0 /* tabbar_discover_selected@2x.png in Resources */,
				748898801E6E844D00FFD0C0 /* tabbar_profile@3x.png in Resources */,
				7488987C1E6E841500FFD0C0 /* tabbar_profile_selected@3x.png in Resources */,
				748897911E6E51B400FFD0C0 /* Main.storyboard in Resources */,
				748898741E6E82A500FFD0C0 /* tabbar_discover_selected@3x.png in Resources */,
				748898701E6E817E00FFD0C0 /* tabbar_message_center_selected@3x.png in Resources */,
				748898261E6E5E2100FFD0C0 /* tabbar_background_os7@2x.png in Resources */,
				748898781E6E82F900FFD0C0 /* tabbar_discover@3x.png in Resources */,
				748898881E6E8A3000FFD0C0 /* loan@2px.png in Resources */,
				7488987E1E6E843E00FFD0C0 /* tabbar_profile_selected@2x.png in Resources */,
				748898241E6E5E2100FFD0C0 /* new_dot@3x.png in Resources */,
				748898221E6E5E2100FFD0C0 /* main_badge@3x.png in Resources */,
				748898721E6E81AC00FFD0C0 /* tabbar_message_center@3x.png in Resources */,
				7488985E1E6E7D9F00FFD0C0 /* tabbar_mainbtn@2x.png in Resources */,
				748898251E6E5E2100FFD0C0 /* tabbar_background@2x.png in Resources */,
				748898821E6E846300FFD0C0 /* tabbar_profile@2x.png in Resources */,
				7488985C1E6E7D8A00FFD0C0 /* fabu_pressed@2x.png in Resources */,
			);
			runOnlyForDeploymentPostprocessing = 0;
		};
		7488979A1E6E51B400FFD0C0 /* Resources */ = {
			isa = PBXResourcesBuildPhase;
			buildActionMask = 2147483647;
			files = (
			);
			runOnlyForDeploymentPostprocessing = 0;
		};
		748897A51E6E51B400FFD0C0 /* Resources */ = {
			isa = PBXResourcesBuildPhase;
			buildActionMask = 2147483647;
			files = (
			);
			runOnlyForDeploymentPostprocessing = 0;
		};
/* End PBXResourcesBuildPhase section */

/* Begin PBXSourcesBuildPhase section */
		7488977F1E6E51B400FFD0C0 /* Sources */ = {
			isa = PBXSourcesBuildPhase;
			buildActionMask = 2147483647;
			files = (
				748898431E6E5F1D00FFD0C0 /* ZAViewControllerFor.m in Sources */,
				748898401E6E5F1100FFD0C0 /* ZAViewControllerThree.m in Sources */,
				7488983A1E6E5EE700FFD0C0 /* ZAViewControllerOne.m in Sources */,
				748898001E6E59F600FFD0C0 /* ZABadgeView.m in Sources */,
				748897BF1E6E53F800FFD0C0 /* ZATabBar.m in Sources */,
				748897FA1E6E580600FFD0C0 /* ZATabBarButton.m in Sources */,
				748897FD1E6E588700FFD0C0 /* MainViewController.m in Sources */,
				748897F71E6E577600FFD0C0 /* UIImage+ZAImage.m in Sources */,
				7488978B1E6E51B400FFD0C0 /* AppDelegate.m in Sources */,
				748898061E6E5A4B00FFD0C0 /* UIBarButtonItem+ZAItem.m in Sources */,
				748897BC1E6E53D600FFD0C0 /* ZATabBarController.m in Sources */,
				7488983D1E6E5EFB00FFD0C0 /* ZAViewControllerTwo.m in Sources */,
				748898031E6E5A1C00FFD0C0 /* UIView+Frame.m in Sources */,
				748897881E6E51B400FFD0C0 /* main.m in Sources */,
			);
			runOnlyForDeploymentPostprocessing = 0;
		};
		748897981E6E51B400FFD0C0 /* Sources */ = {
			isa = PBXSourcesBuildPhase;
			buildActionMask = 2147483647;
			files = (
				748897A11E6E51B400FFD0C0 /* ___TabBarControllerTests.m in Sources */,
			);
			runOnlyForDeploymentPostprocessing = 0;
		};
		748897A31E6E51B400FFD0C0 /* Sources */ = {
			isa = PBXSourcesBuildPhase;
			buildActionMask = 2147483647;
			files = (
				748897AC1E6E51B400FFD0C0 /* ___TabBarControllerUITests.m in Sources */,
			);
			runOnlyForDeploymentPostprocessing = 0;
		};
/* End PBXSourcesBuildPhase section */

/* Begin PBXTargetDependency section */
		7488979E1E6E51B400FFD0C0 /* PBXTargetDependency */ = {
			isa = PBXTargetDependency;
			target = 748897821E6E51B400FFD0C0 /* 自定义TabBarController */;
			targetProxy = 7488979D1E6E51B400FFD0C0 /* PBXContainerItemProxy */;
		};
		748897A91E6E51B400FFD0C0 /* PBXTargetDependency */ = {
			isa = PBXTargetDependency;
			target = 748897821E6E51B400FFD0C0 /* 自定义TabBarController */;
			targetProxy = 748897A81E6E51B400FFD0C0 /* PBXContainerItemProxy */;
		};
/* End PBXTargetDependency section */

/* Begin PBXVariantGroup section */
		7488978F1E6E51B400FFD0C0 /* Main.storyboard */ = {
			isa = PBXVariantGroup;
			children = (
				748897901E6E51B400FFD0C0 /* Base */,
			);
			name = Main.storyboard;
			sourceTree = "<group>";
		};
		748897941E6E51B400FFD0C0 /* LaunchScreen.storyboard */ = {
			isa = PBXVariantGroup;
			children = (
				748897951E6E51B400FFD0C0 /* Base */,
			);
			name = LaunchScreen.storyboard;
			sourceTree = "<group>";
		};
/* End PBXVariantGroup section */

/* Begin XCBuildConfiguration section */
		748897AE1E6E51B400FFD0C0 /* Debug */ = {
			isa = XCBuildConfiguration;
			buildSettings = {
				ALWAYS_SEARCH_USER_PATHS = NO;
				CLANG_ANALYZER_NONNULL = YES;
				CLANG_CXX_LANGUAGE_STANDARD = "gnu++0x";
				CLANG_CXX_LIBRARY = "libc++";
				CLANG_ENABLE_MODULES = YES;
				CLANG_ENABLE_OBJC_ARC = YES;
				CLANG_WARN_BOOL_CONVERSION = YES;
				CLANG_WARN_CONSTANT_CONVERSION = YES;
				CLANG_WARN_DIRECT_OBJC_ISA_USAGE = YES_ERROR;
				CLANG_WARN_EMPTY_BODY = YES;
				CLANG_WARN_ENUM_CONVERSION = YES;
				CLANG_WARN_INT_CONVERSION = YES;
				CLANG_WARN_OBJC_ROOT_CLASS = YES_ERROR;
				CLANG_WARN_UNREACHABLE_CODE = YES;
				CLANG_WARN__DUPLICATE_METHOD_MATCH = YES;
				"CODE_SIGN_IDENTITY[sdk=iphoneos*]" = "iPhone Developer";
				COPY_PHASE_STRIP = NO;
				DEBUG_INFORMATION_FORMAT = dwarf;
				ENABLE_STRICT_OBJC_MSGSEND = YES;
				ENABLE_TESTABILITY = YES;
				GCC_C_LANGUAGE_STANDARD = gnu99;
				GCC_DYNAMIC_NO_PIC = NO;
				GCC_NO_COMMON_BLOCKS = YES;
				GCC_OPTIMIZATION_LEVEL = 0;
				GCC_PREPROCESSOR_DEFINITIONS = (
					"DEBUG=1",
					"$(inherited)",
				);
				GCC_WARN_64_TO_32_BIT_CONVERSION = YES;
				GCC_WARN_ABOUT_RETURN_TYPE = YES_ERROR;
				GCC_WARN_UNDECLARED_SELECTOR = YES;
				GCC_WARN_UNINITIALIZED_AUTOS = YES_AGGRESSIVE;
				GCC_WARN_UNUSED_FUNCTION = YES;
				GCC_WARN_UNUSED_VARIABLE = YES;
				IPHONEOS_DEPLOYMENT_TARGET = 9.3;
				MTL_ENABLE_DEBUG_INFO = YES;
				ONLY_ACTIVE_ARCH = YES;
				SDKROOT = iphoneos;
				TARGETED_DEVICE_FAMILY = "1,2";
			};
			name = Debug;
		};
		748897AF1E6E51B400FFD0C0 /* Release */ = {
			isa = XCBuildConfiguration;
			buildSettings = {
				ALWAYS_SEARCH_USER_PATHS = NO;
				CLANG_ANALYZER_NONNULL = YES;
				CLANG_CXX_LANGUAGE_STANDARD = "gnu++0x";
				CLANG_CXX_LIBRARY = "libc++";
				CLANG_ENABLE_MODULES = YES;
				CLANG_ENABLE_OBJC_ARC = YES;
				CLANG_WARN_BOOL_CONVERSION = YES;
				CLANG_WARN_CONSTANT_CONVERSION = YES;
				CLANG_WARN_DIRECT_OBJC_ISA_USAGE = YES_ERROR;
				CLANG_WARN_EMPTY_BODY = YES;
				CLANG_WARN_ENUM_CONVERSION = YES;
				CLANG_WARN_INT_CONVERSION = YES;
				CLANG_WARN_OBJC_ROOT_CLASS = YES_ERROR;
				CLANG_WARN_UNREACHABLE_CODE = YES;
				CLANG_WARN__DUPLICATE_METHOD_MATCH = YES;
				"CODE_SIGN_IDENTITY[sdk=iphoneos*]" = "iPhone Developer";
				COPY_PHASE_STRIP = NO;
				DEBUG_INFORMATION_FORMAT = "dwarf-with-dsym";
				ENABLE_NS_ASSERTIONS = NO;
				ENABLE_STRICT_OBJC_MSGSEND = YES;
				GCC_C_LANGUAGE_STANDARD = gnu99;
				GCC_NO_COMMON_BLOCKS = YES;
				GCC_WARN_64_TO_32_BIT_CONVERSION = YES;
				GCC_WARN_ABOUT_RETURN_TYPE = YES_ERROR;
				GCC_WARN_UNDECLARED_SELECTOR = YES;
				GCC_WARN_UNINITIALIZED_AUTOS = YES_AGGRESSIVE;
				GCC_WARN_UNUSED_FUNCTION = YES;
				GCC_WARN_UNUSED_VARIABLE = YES;
				IPHONEOS_DEPLOYMENT_TARGET = 9.3;
				MTL_ENABLE_DEBUG_INFO = NO;
				SDKROOT = iphoneos;
				TARGETED_DEVICE_FAMILY = "1,2";
				VALIDATE_PRODUCT = YES;
			};
			name = Release;
		};
		748897B11E6E51B400FFD0C0 /* Debug */ = {
			isa = XCBuildConfiguration;
			buildSettings = {
				ASSETCATALOG_COMPILER_APPICON_NAME = AppIcon;
				INFOPLIST_FILE = "自定义TabBarController/Info.plist";
				LD_RUNPATH_SEARCH_PATHS = "$(inherited) @executable_path/Frameworks";
				PRODUCT_BUNDLE_IDENTIFIER = "-23.---TabBarController";
				PRODUCT_NAME = "$(TARGET_NAME)";
			};
			name = Debug;
		};
		748897B21E6E51B400FFD0C0 /* Release */ = {
			isa = XCBuildConfiguration;
			buildSettings = {
				ASSETCATALOG_COMPILER_APPICON_NAME = AppIcon;
				INFOPLIST_FILE = "自定义TabBarController/Info.plist";
				LD_RUNPATH_SEARCH_PATHS = "$(inherited) @executable_path/Frameworks";
				PRODUCT_BUNDLE_IDENTIFIER = "-23.---TabBarController";
				PRODUCT_NAME = "$(TARGET_NAME)";
			};
			name = Release;
		};
		748897B41E6E51B400FFD0C0 /* Debug */ = {
			isa = XCBuildConfiguration;
			buildSettings = {
				BUNDLE_LOADER = "$(TEST_HOST)";
				INFOPLIST_FILE = "自定义TabBarControllerTests/Info.plist";
				LD_RUNPATH_SEARCH_PATHS = "$(inherited) @executable_path/Frameworks @loader_path/Frameworks";
				PRODUCT_BUNDLE_IDENTIFIER = "-23.---TabBarControllerTests";
				PRODUCT_NAME = "$(TARGET_NAME)";
				TEST_HOST = "$(BUILT_PRODUCTS_DIR)/自定义TabBarController.app/自定义TabBarController";
			};
			name = Debug;
		};
		748897B51E6E51B400FFD0C0 /* Release */ = {
			isa = XCBuildConfiguration;
			buildSettings = {
				BUNDLE_LOADER = "$(TEST_HOST)";
				INFOPLIST_FILE = "自定义TabBarControllerTests/Info.plist";
				LD_RUNPATH_SEARCH_PATHS = "$(inherited) @executable_path/Frameworks @loader_path/Frameworks";
				PRODUCT_BUNDLE_IDENTIFIER = "-23.---TabBarControllerTests";
				PRODUCT_NAME = "$(TARGET_NAME)";
				TEST_HOST = "$(BUILT_PRODUCTS_DIR)/自定义TabBarController.app/自定义TabBarController";
			};
			name = Release;
		};
		748897B71E6E51B400FFD0C0 /* Debug */ = {
			isa = XCBuildConfiguration;
			buildSettings = {
				INFOPLIST_FILE = "自定义TabBarControllerUITests/Info.plist";
				LD_RUNPATH_SEARCH_PATHS = "$(inherited) @executable_path/Frameworks @loader_path/Frameworks";
				PRODUCT_BUNDLE_IDENTIFIER = "-23.---TabBarControllerUITests";
				PRODUCT_NAME = "$(TARGET_NAME)";
				TEST_TARGET_NAME = "自定义TabBarController";
			};
			name = Debug;
		};
		748897B81E6E51B400FFD0C0 /* Release */ = {
			isa = XCBuildConfiguration;
			buildSettings = {
				INFOPLIST_FILE = "自定义TabBarControllerUITests/Info.plist";
				LD_RUNPATH_SEARCH_PATHS = "$(inherited) @executable_path/Frameworks @loader_path/Frameworks";
				PRODUCT_BUNDLE_IDENTIFIER = "-23.---TabBarControllerUITests";
				PRODUCT_NAME = "$(TARGET_NAME)";
				TEST_TARGET_NAME = "自定义TabBarController";
			};
			name = Release;
		};
/* End XCBuildConfiguration section */

/* Begin XCConfigurationList section */
		7488977E1E6E51B400FFD0C0 /* Build configuration list for PBXProject "自定义TabBarController" */ = {
			isa = XCConfigurationList;
			buildConfigurations = (
				748897AE1E6E51B400FFD0C0 /* Debug */,
				748897AF1E6E51B400FFD0C0 /* Release */,
			);
			defaultConfigurationIsVisible = 0;
			defaultConfigurationName = Release;
		};
		748897B01E6E51B400FFD0C0 /* Build configuration list for PBXNativeTarget "自定义TabBarController" */ = {
			isa = XCConfigurationList;
			buildConfigurations = (
				748897B11E6E51B400FFD0C0 /* Debug */,
				748897B21E6E51B400FFD0C0 /* Release */,
			);
			defaultConfigurationIsVisible = 0;
			defaultConfigurationName = Release;
		};
		748897B31E6E51B400FFD0C0 /* Build configuration list for PBXNativeTarget "自定义TabBarControllerTests" */ = {
			isa = XCConfigurationList;
			buildConfigurations = (
				748897B41E6E51B400FFD0C0 /* Debug */,
				748897B51E6E51B400FFD0C0 /* Release */,
			);
			defaultConfigurationIsVisible = 0;
			defaultConfigurationName = Release;
		};
		748897B61E6E51B400FFD0C0 /* Build configuration list for PBXNativeTarget "自定义TabBarControllerUITests" */ = {
			isa = XCConfigurationList;
			buildConfigurations = (
				748897B71E6E51B400FFD0C0 /* Debug */,
				748897B81E6E51B400FFD0C0 /* Release */,
			);
			defaultConfigurationIsVisible = 0;
			defaultConfigurationName = Release;
		};
/* End XCConfigurationList section */
	};
	rootObject = 7488977B1E6E51B400FFD0C0 /* Project object */;
}
